
Microsoft Visual Studio Solution File, Format Version 12.00
# Visual Studio Version 17
VisualStudioVersion = 17.0.32112.339
MinimumVisualStudioVersion = 10.0.40219.1
Project("{FAE04EC0-301F-11D3-BF4B-00C04F79EFBC}") = "TextMessage", "TextMessage\TextMessage.csproj", "{50046AAB-AF61-412C-B2D9-110D4BF98AEA}"
EndProject
Global
	GlobalSection(SolutionConfigurationPlatforms) = preSolution
		Debug|Any CPU = Debug|Any CPU
		Release|Any CPU = Release|Any CPU
	EndGlobalSection
	GlobalSection(ProjectConfigurationPlatforms) = postSolution
		{50046AAB-AF61-412C-B2D9-110D4BF98AEA}.Debug|Any CPU.ActiveCfg = Debug|Any CPU
		{50046AAB-AF61-412C-B2D9-110D4BF98AEA}.Debug|Any CPU.Build.0 = Debug|Any CPU
		{50046AAB-AF61-412C-B2D9-110D4BF98AEA}.Release|Any CPU.ActiveCfg = Release|Any CPU
		{50046AAB-AF61-412C-B2D9-110D4BF98AEA}.Release|Any CPU.Build.0 = Release|Any CPU
	EndGlobalSection
	GlobalSection(SolutionProperties) = preSolution
		HideSolutionNode = FALSE
	EndGlobalSection
	GlobalSection(ExtensibilityGlobals) = postSolution
		SolutionGuid = {05F17553-BACB-4B18-9064-CE6058568D71}
	EndGlobalSection
EndGlobal
